# This file is autogenerated, do not edit; changes may be undone by the next 'dep ensure'.


[[projects]]
  name = "github.com/drone-plugins/drone-git-push"
  packages = ["repo"]
  revision = "c115616703f10f373f6e4f60e561e0ef737a1a88"
  version = "0.1.0"

[[projects]]
  name = "github.com/fern4lvarez/gocclib"
  packages = ["cclib"]
  revision = "4599b39b0fd5b381f888e60a77c242039c404bc4"
  version = "0.3.0"

[[projects]]
  branch = "master"
  name = "github.com/mitchellh/mapstructure"
  packages = ["."]
  revision = "00c29f56e2386353d58c599509e8dc3801b0d716"

[solve-meta]
  analyzer-name = "dep"
  analyzer-version = 1
  inputs-digest = "c7e58b4880acaa37b5a2adabe1fe5f7886d50930e247bd6b4f98692ae6e3f499"
  solver-name = "gps-cdcl"
  solver-version = 1
